<?xml version="1.0" encoding="utf-8"?>
<Project ToolsVersion="4.0" xmlns="http://schemas.microsoft.com/developer/msbuild/2003">
  <ItemGroup>
    <Filter Include="compiler">
      <UniqueIdentifier>{48f7ea89-02b3-4898-bf6f-583abf016b56}</UniqueIdentifier>
    </Filter>
    <Filter Include="interpreter">
      <UniqueIdentifier>{ca969cf0-cc59-475d-988c-e2a5a5c17bb6}</UniqueIdentifier>
    </Filter>
    <Filter Include="interpreter\headers">
      <UniqueIdentifier>{45d6fb48-2665-4fef-985d-c03f20edf60b}</UniqueIdentifier>
    </Filter>
    <Filter Include="interpreter\sources">
      <UniqueIdentifier>{abb01d1e-6330-470e-bec8-e660828b5b6a}</UniqueIdentifier>
    </Filter>
    <Filter Include="compiler\headers">
      <UniqueIdentifier>{a8d330f1-869d-497e-8afe-90c0c2b14366}</UniqueIdentifier>
    </Filter>
    <Filter Include="compiler\sources">
      <UniqueIdentifier>{ccbeeeba-d052-443b-952a-d73cbfe350e7}</UniqueIdentifier>
    </Filter>
    <Filter Include="base">
      <UniqueIdentifier>{605ae316-fcb2-468e-9eee-4c61e5a52556}</UniqueIdentifier>
    </Filter>
    <Filter Include="base\headers">
      <UniqueIdentifier>{f93fed84-e34f-4aaa-8d9f-45779cc32fe0}</UniqueIdentifier>
    </Filter>
    <Filter Include="base\sources">
      <UniqueIdentifier>{6c9add44-346b-459c-a178-6ad900d1e7e5}</UniqueIdentifier>
    </Filter>
    <Filter Include="main">
      <UniqueIdentifier>{4FC737F1-C7A5-4376-A066-2A32D752A2FF}</UniqueIdentifier>
      <Extensions>cpp;c;cc;cxx;def;odl;idl;hpj;bat;asm;asmx</Extensions>
      <ParseFiles>true</ParseFiles>
    </Filter>
    <Filter Include="i/o">
      <UniqueIdentifier>{c3997607-97f3-492f-bf71-857f0a866fcc}</UniqueIdentifier>
    </Filter>
    <Filter Include="i/o\headers">
      <UniqueIdentifier>{613f11c8-88ba-4a07-b000-a253ddf05c09}</UniqueIdentifier>
    </Filter>
    <Filter Include="Header Files">
      <UniqueIdentifier>{93995380-89BD-4b04-88EB-625FBE52EBFB}</UniqueIdentifier>
      <Extensions>h;hh;hpp;hxx;hm;inl;inc;xsd</Extensions>
      <ParseFiles>true</ParseFiles>
    </Filter>
    <Filter Include="debugger">
      <UniqueIdentifier>{8d0b68b4-4b72-4f5f-98d6-028dc290d119}</UniqueIdentifier>
    </Filter>
    <Filter Include="debugger\headers">
      <UniqueIdentifier>{e26030e1-08ad-4f71-bb96-bcbccbd20739}</UniqueIdentifier>
    </Filter>
    <Filter Include="debugger\sources">
      <UniqueIdentifier>{2dbe044d-559c-41e0-82f8-3d384814d208}</UniqueIdentifier>
    </Filter>
    <Filter Include="dissassembler">
      <UniqueIdentifier>{c0656c34-9273-4258-979b-ca93bf0dd25e}</UniqueIdentifier>
    </Filter>
    <Filter Include="dissassembler\headers">
      <UniqueIdentifier>{1a228053-5146-405e-97c1-83c51894b9aa}</UniqueIdentifier>
    </Filter>
    <Filter Include="dissassembler\sources">
      <UniqueIdentifier>{aea84d29-3397-4cea-8f99-83d67b102591}</UniqueIdentifier>
    </Filter>
  </ItemGroup>
  <ItemGroup>
    <ClInclude Include="src\compiler\compiler.h">
      <Filter>compiler\headers</Filter>
    </ClInclude>
    <ClInclude Include="src\compiler\header.h">
      <Filter>compiler\headers</Filter>
    </ClInclude>
    <ClInclude Include="src\compiler\lexer.h">
      <Filter>compiler\headers</Filter>
    </ClInclude>
    <ClInclude Include="src\compiler\parser.h">
      <Filter>compiler\headers</Filter>
    </ClInclude>
    <ClInclude Include="src\compiler\registers.h">
      <Filter>compiler\headers</Filter>
    </ClInclude>
    <ClInclude Include="src\compiler\tokens.h">
      <Filter>compiler\headers</Filter>
    </ClInclude>
    <ClInclude Include="src\compiler\instructions.h">
      <Filter>base\headers</Filter>
    </ClInclude>
    <ClInclude Include="src\compiler\readerwriter.h">
      <Filter>base\headers</Filter>
    </ClInclude>
    <ClInclude Include="src\interpreter\memory.h">
      <Filter>interpreter\headers</Filter>
    </ClInclude>
    <ClInclude Include="src\interpreter\processor.h">
      <Filter>interpreter\headers</Filter>
    </ClInclude>
    <ClInclude Include="src\interpreter\i_o_manager.h">
      <Filter>i/o\headers</Filter>
    </ClInclude>
    <ClInclude Include="src\interpreter\interpreter.h">
      <Filter>interpreter\headers</Filter>
    </ClInclude>
    <ClInclude Include="src\interpreter\loader.h">
      <Filter>interpreter\headers</Filter>
    </ClInclude>
    <ClInclude Include="executor.h">
      <Filter>Header Files</Filter>
    </ClInclude>
    <ClInclude Include="src\interpreter\executor.h">
      <Filter>interpreter\headers</Filter>
    </ClInclude>
    <ClInclude Include="debugger.h">
      <Filter>Header Files</Filter>
    </ClInclude>
    <ClInclude Include="src\debugger\debugger.h">
      <Filter>debugger\headers</Filter>
    </ClInclude>
    <ClInclude Include="src\disassember\codegenerator.h">
      <Filter>dissassembler\headers</Filter>
    </ClInclude>
    <ClInclude Include="src\disassember\disassembler.h">
      <Filter>dissassembler\headers</Filter>
    </ClInclude>
    <ClInclude Include="src\disassember\disparser.h">
      <Filter>dissassembler\headers</Filter>
    </ClInclude>
  </ItemGroup>
  <ItemGroup>
    <ClCompile Include="src\compiler\compiler.cpp">
      <Filter>compiler\sources</Filter>
    </ClCompile>
    <ClCompile Include="src\compiler\lexer.cpp">
      <Filter>compiler\sources</Filter>
    </ClCompile>
    <ClCompile Include="src\compiler\parser.cpp">
      <Filter>compiler\sources</Filter>
    </ClCompile>
    <ClCompile Include="src\compiler\main.cpp">
      <Filter>main</Filter>
    </ClCompile>
    <ClCompile Include="src\compiler\readerwriter.cpp">
      <Filter>base\sources</Filter>
    </ClCompile>
    <ClCompile Include="src\interpreter\processor.cpp">
      <Filter>interpreter\sources</Filter>
    </ClCompile>
    <ClCompile Include="src\interpreter\interpreter.cpp">
      <Filter>interpreter\sources</Filter>
    </ClCompile>
    <ClCompile Include="src\interpreter\loader.cpp">
      <Filter>interpreter\sources</Filter>
    </ClCompile>
    <ClCompile Include="src\interpreter\memory.cpp">
      <Filter>interpreter\sources</Filter>
    </ClCompile>
    <ClCompile Include="src\interpreter\executor.cpp">
      <Filter>interpreter\sources</Filter>
    </ClCompile>
    <ClCompile Include="src\debugger\debugger.cpp">
      <Filter>debugger\sources</Filter>
    </ClCompile>
    <ClCompile Include="src\disassember\codegenerator.cpp">
      <Filter>dissassembler\sources</Filter>
    </ClCompile>
    <ClCompile Include="src\disassember\disassembler.cpp">
      <Filter>dissassembler\sources</Filter>
    </ClCompile>
    <ClCompile Include="src\disassember\disparser.cpp">
      <Filter>dissassembler\sources</Filter>
    </ClCompile>
  </ItemGroup>
  <ItemGroup>
    <None Include="test.asm">
      <Filter>main</Filter>
    </None>
  </ItemGroup>
  <ItemGroup>
    <Text Include="test.txt" />
  </ItemGroup>
</Project>